
Microsoft Visual Studio Solution File, Format Version 12.00
# Visual Studio Version 17
VisualStudioVersion = 17.4.33103.184
MinimumVisualStudioVersion = 10.0.40219.1
Project("{9A19103F-16F7-4668-BE54-9A1E7A4F7556}") = "AutoBackup", "AutoBackup\AutoBackup.csproj", "{D29B8B6B-065E-4F9E-A500-7A97487AB4E2}"
EndProject
Global
	GlobalSection(SolutionConfigurationPlatforms) = preSolution
		Debug|Any CPU = Debug|Any CPU
		Release|Any CPU = Release|Any CPU
	EndGlobalSection
	GlobalSection(ProjectConfigurationPlatforms) = postSolution
		{D29B8B6B-065E-4F9E-A500-7A97487AB4E2}.Debug|Any CPU.ActiveCfg = Debug|Any CPU
		{D29B8B6B-065E-4F9E-A500-7A97487AB4E2}.Debug|Any CPU.Build.0 = Debug|Any CPU
		{D29B8B6B-065E-4F9E-A500-7A97487AB4E2}.Release|Any CPU.ActiveCfg = Release|Any CPU
		{D29B8B6B-065E-4F9E-A500-7A97487AB4E2}.Release|Any CPU.Build.0 = Release|Any CPU
	EndGlobalSection
	GlobalSection(SolutionProperties) = preSolution
		HideSolutionNode = FALSE
	EndGlobalSection
	GlobalSection(ExtensibilityGlobals) = postSolution
		SolutionGuid = {B0C75A99-C9C2-4CA4-9E24-EF3A70F234AB}
	EndGlobalSection
EndGlobal
